
Microsoft Visual Studio Solution File, Format Version 12.00
# Visual Studio 15
Project("{FAE04EC0-301F-11D3-BF4B-00C04F79EFBC}") = "Assembly-CSharp", "Assembly-CSharp.csproj", "{F481ECCF-720A-AF0D-233B-8BA6606D3AFA}"
EndProject
Project("{FAE04EC0-301F-11D3-BF4B-00C04F79EFBC}") = "Assembly-CSharp-Editor", "Assembly-CSharp-Editor.csproj", "{431D8B9E-A15B-D9A2-E5FD-824B49B8483D}"
EndProject
Global
	GlobalSection(SolutionConfigurationPlatforms) = preSolution
		Debug|Any CPU = Debug|Any CPU
		Release|Any CPU = Release|Any CPU
	EndGlobalSection
	GlobalSection(ProjectConfigurationPlatforms) = postSolution
		{F481ECCF-720A-AF0D-233B-8BA6606D3AFA}.Debug|Any CPU.ActiveCfg = Debug|Any CPU
		{F481ECCF-720A-AF0D-233B-8BA6606D3AFA}.Debug|Any CPU.Build.0 = Debug|Any CPU
		{F481ECCF-720A-AF0D-233B-8BA6606D3AFA}.Release|Any CPU.ActiveCfg = Release|Any CPU
		{F481ECCF-720A-AF0D-233B-8BA6606D3AFA}.Release|Any CPU.Build.0 = Release|Any CPU
		{431D8B9E-A15B-D9A2-E5FD-824B49B8483D}.Debug|Any CPU.ActiveCfg = Debug|Any CPU
		{431D8B9E-A15B-D9A2-E5FD-824B49B8483D}.Debug|Any CPU.Build.0 = Debug|Any CPU
		{431D8B9E-A15B-D9A2-E5FD-824B49B8483D}.Release|Any CPU.ActiveCfg = Release|Any CPU
		{431D8B9E-A15B-D9A2-E5FD-824B49B8483D}.Release|Any CPU.Build.0 = Release|Any CPU
	EndGlobalSection
	GlobalSection(SolutionProperties) = preSolution
		HideSolutionNode = FALSE
	EndGlobalSection
EndGlobal
